// !$*UTF8*$!
{
	archiveVersion = 1;
	classes = {
	};
	objectVersion = 50;
	objects = {

/* Begin PBXBuildFile section */
		D9A1486526B236080064E17A /* AppDelegate.swift in Sources */ = {isa = PBXBuildFile; fileRef = D9A1486426B236080064E17A /* AppDelegate.swift */; };
		D9A1486926B236080064E17A /* ViewController.swift in Sources */ = {isa = PBXBuildFile; fileRef = D9A1486826B236080064E17A /* ViewController.swift */; };
		D9A1486E26B236090064E17A /* Assets.xcassets in Resources */ = {isa = PBXBuildFile; fileRef = D9A1486D26B236090064E17A /* Assets.xcassets */; };
		D9A1487126B236090064E17A /* LaunchScreen.storyboard in Resources */ = {isa = PBXBuildFile; fileRef = D9A1486F26B236090064E17A /* LaunchScreen.storyboard */; };
		D9A1487C26B246F60064E17A /* Main.storyboard in Resources */ = {isa = PBXBuildFile; fileRef = D9A1487B26B246F60064E17A /* Main.storyboard */; };
		D9D9555F26B250E900E0526F /* ImagesCollectionView.swift in Sources */ = {isa = PBXBuildFile; fileRef = D9D9555E26B250E900E0526F /* ImagesCollectionView.swift */; };
		D9D9556226B2585E00E0526F /* FlickerApi.swift in Sources */ = {isa = PBXBuildFile; fileRef = D9D9556126B2585E00E0526F /* FlickerApi.swift */; };
		D9D9556526B7C1F700E0526F /* Photos.swift in Sources */ = {isa = PBXBuildFile; fileRef = D9D9556426B7C1F700E0526F /* Photos.swift */; };
		D9D9556826B7FA1600E0526F /* GenerateAlert.swift in Sources */ = {isa = PBXBuildFile; fileRef = D9D9556726B7FA1600E0526F /* GenerateAlert.swift */; };
		D9D9556F26BB718B00E0526F /* Location.xcdatamodeld in Sources */ = {isa = PBXBuildFile; fileRef = D9D9556D26BB718B00E0526F /* Location.xcdatamodeld */; };
		D9D9557126BB74DE00E0526F /* CollectionViewCell.swift in Sources */ = {isa = PBXBuildFile; fileRef = D9D9557026BB74DE00E0526F /* CollectionViewCell.swift */; };
		D9D9557326BCB68700E0526F /* DataController.swift in Sources */ = {isa = PBXBuildFile; fileRef = D9D9557226BCB68700E0526F /* DataController.swift */; };
/* End PBXBuildFile section */

/* Begin PBXFileReference section */
		D9A1486126B236080064E17A /* Virtual Tourist.app */ = {isa = PBXFileReference; explicitFileType = wrapper.application; includeInIndex = 0; path = "Virtual Tourist.app"; sourceTree = BUILT_PRODUCTS_DIR; };
		D9A1486426B236080064E17A /* AppDelegate.swift */ = {isa = PBXFileReference; lastKnownFileType = sourcecode.swift; path = AppDelegate.swift; sourceTree = "<group>"; };
		D9A1486826B236080064E17A /* ViewController.swift */ = {isa = PBXFileReference; lastKnownFileType = sourcecode.swift; path = ViewController.swift; sourceTree = "<group>"; };
		D9A1486D26B236090064E17A /* Assets.xcassets */ = {isa = PBXFileReference; lastKnownFileType = folder.assetcatalog; path = Assets.xcassets; sourceTree = "<group>"; };
		D9A1487026B236090064E17A /* Base */ = {isa = PBXFileReference; lastKnownFileType = file.storyboard; name = Base; path = Base.lproj/LaunchScreen.storyboard; sourceTree = "<group>"; };
		D9A1487226B236090064E17A /* Info.plist */ = {isa = PBXFileReference; lastKnownFileType = text.plist.xml; path = Info.plist; sourceTree = "<group>"; };
		D9A1487B26B246F60064E17A /* Main.storyboard */ = {isa = PBXFileReference; fileEncoding = 4; lastKnownFileType = file.storyboard; path = Main.storyboard; sourceTree = "<group>"; };
		D9D9555E26B250E900E0526F /* ImagesCollectionView.swift */ = {isa = PBXFileReference; lastKnownFileType = sourcecode.swift; path = ImagesCollectionView.swift; sourceTree = "<group>"; };
		D9D9556126B2585E00E0526F /* FlickerApi.swift */ = {isa = PBXFileReference; lastKnownFileType = sourcecode.swift; path = FlickerApi.swift; sourceTree = "<group>"; };
		D9D9556426B7C1F700E0526F /* Photos.swift */ = {isa = PBXFileReference; lastKnownFileType = sourcecode.swift; path = Photos.swift; sourceTree = "<group>"; };
		D9D9556726B7FA1600E0526F /* GenerateAlert.swift */ = {isa = PBXFileReference; lastKnownFileType = sourcecode.swift; path = GenerateAlert.swift; sourceTree = "<group>"; };
		D9D9556E26BB718B00E0526F /* Location.xcdatamodel */ = {isa = PBXFileReference; lastKnownFileType = wrapper.xcdatamodel; path = Location.xcdatamodel; sourceTree = "<group>"; };
		D9D9557026BB74DE00E0526F /* CollectionViewCell.swift */ = {isa = PBXFileReference; lastKnownFileType = sourcecode.swift; path = CollectionViewCell.swift; sourceTree = "<group>"; };
		D9D9557226BCB68700E0526F /* DataController.swift */ = {isa = PBXFileReference; lastKnownFileType = sourcecode.swift; path = DataController.swift; sourceTree = "<group>"; };
/* End PBXFileReference section */

/* Begin PBXFrameworksBuildPhase section */
		D9A1485E26B236080064E17A /* Frameworks */ = {
			isa = PBXFrameworksBuildPhase;
			buildActionMask = 2147483647;
			files = (
			);
			runOnlyForDeploymentPostprocessing = 0;
		};
/* End PBXFrameworksBuildPhase section */

/* Begin PBXGroup section */
		D9A1485826B236080064E17A = {
			isa = PBXGroup;
			children = (
				D9A1486326B236080064E17A /* Virtual Tourist */,
				D9A1486226B236080064E17A /* Products */,
			);
			sourceTree = "<group>";
		};
		D9A1486226B236080064E17A /* Products */ = {
			isa = PBXGroup;
			children = (
				D9A1486126B236080064E17A /* Virtual Tourist.app */,
			);
			name = Products;
			sourceTree = "<group>";
		};
		D9A1486326B236080064E17A /* Virtual Tourist */ = {
			isa = PBXGroup;
			children = (
				D9D9556C26BB716C00E0526F /* coreData */,
				D9D9556626B7F9F700E0526F /* utils */,
				D9D9556326B7C1DB00E0526F /* modal */,
				D9D9556026B2583B00E0526F /* flickerAPI */,
				D9A1486426B236080064E17A /* AppDelegate.swift */,
				D9D9555D26B248F400E0526F /* controller */,
				D9A1487D26B2470B0064E17A /* view */,
				D9A1487226B236090064E17A /* Info.plist */,
			);
			path = "Virtual Tourist";
			sourceTree = "<group>";
		};
		D9A1487D26B2470B0064E17A /* view */ = {
			isa = PBXGroup;
			children = (
				D9A1486D26B236090064E17A /* Assets.xcassets */,
				D9A1486F26B236090064E17A /* LaunchScreen.storyboard */,
				D9A1487B26B246F60064E17A /* Main.storyboard */,
			);
			path = view;
			sourceTree = "<group>";
		};
		D9D9555D26B248F400E0526F /* controller */ = {
			isa = PBXGroup;
			children = (
				D9A1486826B236080064E17A /* ViewController.swift */,
				D9D9555E26B250E900E0526F /* ImagesCollectionView.swift */,
				D9D9557026BB74DE00E0526F /* CollectionViewCell.swift */,
			);
			path = controller;
			sourceTree = "<group>";
		};
		D9D9556026B2583B00E0526F /* flickerAPI */ = {
			isa = PBXGroup;
			children = (
				D9D9556126B2585E00E0526F /* FlickerApi.swift */,
			);
			path = flickerAPI;
			sourceTree = "<group>";
		};
		D9D9556326B7C1DB00E0526F /* modal */ = {
			isa = PBXGroup;
			children = (
				D9D9556426B7C1F700E0526F /* Photos.swift */,
			);
			path = modal;
			sourceTree = "<group>";
		};
		D9D9556626B7F9F700E0526F /* utils */ = {
			isa = PBXGroup;
			children = (
				D9D9556726B7FA1600E0526F /* GenerateAlert.swift */,
			);
			path = utils;
			sourceTree = "<group>";
		};
		D9D9556C26BB716C00E0526F /* coreData */ = {
			isa = PBXGroup;
			children = (
				D9D9556D26BB718B00E0526F /* Location.xcdatamodeld */,
				D9D9557226BCB68700E0526F /* DataController.swift */,
			);
			path = coreData;
			sourceTree = "<group>";
		};
/* End PBXGroup section */

/* Begin PBXNativeTarget section */
		D9A1486026B236080064E17A /* Virtual Tourist */ = {
			isa = PBXNativeTarget;
			buildConfigurationList = D9A1487526B236090064E17A /* Build configuration list for PBXNativeTarget "Virtual Tourist" */;
			buildPhases = (
				D9A1485D26B236080064E17A /* Sources */,
				D9A1485E26B236080064E17A /* Frameworks */,
				D9A1485F26B236080064E17A /* Resources */,
			);
			buildRules = (
			);
			dependencies = (
			);
			name = "Virtual Tourist";
			productName = "Virtual Tourist";
			productReference = D9A1486126B236080064E17A /* Virtual Tourist.app */;
			productType = "com.apple.product-type.application";
		};
/* End PBXNativeTarget section */

/* Begin PBXProject section */
		D9A1485926B236080064E17A /* Project object */ = {
			isa = PBXProject;
			attributes = {
				LastSwiftUpdateCheck = 1250;
				LastUpgradeCheck = 1250;
				TargetAttributes = {
					D9A1486026B236080064E17A = {
						CreatedOnToolsVersion = 12.5;
					};
				};
			};
			buildConfigurationList = D9A1485C26B236080064E17A /* Build configuration list for PBXProject "Virtual Tourist" */;
			compatibilityVersion = "Xcode 9.3";
			developmentRegion = en;
			hasScannedForEncodings = 0;
			knownRegions = (
				en,
				Base,
			);
			mainGroup = D9A1485826B236080064E17A;
			productRefGroup = D9A1486226B236080064E17A /* Products */;
			projectDirPath = "";
			projectRoot = "";
			targets = (
				D9A1486026B236080064E17A /* Virtual Tourist */,
			);
		};
/* End PBXProject section */

/* Begin PBXResourcesBuildPhase section */
		D9A1485F26B236080064E17A /* Resources */ = {
			isa = PBXResourcesBuildPhase;
			buildActionMask = 2147483647;
			files = (
				D9A1487C26B246F60064E17A /* Main.storyboard in Resources */,
				D9A1487126B236090064E17A /* LaunchScreen.storyboard in Resources */,
				D9A1486E26B236090064E17A /* Assets.xcassets in Resources */,
			);
			runOnlyForDeploymentPostprocessing = 0;
		};
/* End PBXResourcesBuildPhase section */

/* Begin PBXSourcesBuildPhase section */
		D9A1485D26B236080064E17A /* Sources */ = {
			isa = PBXSourcesBuildPhase;
			buildActionMask = 2147483647;
			files = (
				D9D9556526B7C1F700E0526F /* Photos.swift in Sources */,
				D9A1486926B236080064E17A /* ViewController.swift in Sources */,
				D9D9557126BB74DE00E0526F /* CollectionViewCell.swift in Sources */,
				D9D9556826B7FA1600E0526F /* GenerateAlert.swift in Sources */,
				D9A1486526B236080064E17A /* AppDelegate.swift in Sources */,
				D9D9557326BCB68700E0526F /* DataController.swift in Sources */,
				D9D9555F26B250E900E0526F /* ImagesCollectionView.swift in Sources */,
				D9D9556F26BB718B00E0526F /* Location.xcdatamodeld in Sources */,
				D9D9556226B2585E00E0526F /* FlickerApi.swift in Sources */,
			);
			runOnlyForDeploymentPostprocessing = 0;
		};
/* End PBXSourcesBuildPhase section */

/* Begin PBXVariantGroup section */
		D9A1486F26B236090064E17A /* LaunchScreen.storyboard */ = {
			isa = PBXVariantGroup;
			children = (
				D9A1487026B236090064E17A /* Base */,
			);
			name = LaunchScreen.storyboard;
			sourceTree = "<group>";
		};
/* End PBXVariantGroup section */

/* Begin XCBuildConfiguration section */
		D9A1487326B236090064E17A /* Debug */ = {
			isa = XCBuildConfiguration;
			buildSettings = {
				ALWAYS_SEARCH_USER_PATHS = NO;
				CLANG_ANALYZER_NONNULL = YES;
				CLANG_ANALYZER_NUMBER_OBJECT_CONVERSION = YES_AGGRESSIVE;
				CLANG_CXX_LANGUAGE_STANDARD = "gnu++14";
				CLANG_CXX_LIBRARY = "libc++";
				CLANG_ENABLE_MODULES = YES;
				CLANG_ENABLE_OBJC_ARC = YES;
				CLANG_ENABLE_OBJC_WEAK = YES;
				CLANG_WARN_BLOCK_CAPTURE_AUTORELEASING = YES;
				CLANG_WARN_BOOL_CONVERSION = YES;
				CLANG_WARN_COMMA = YES;
				CLANG_WARN_CONSTANT_CONVERSION = YES;
				CLANG_WARN_DEPRECATED_OBJC_IMPLEMENTATIONS = YES;
				CLANG_WARN_DIRECT_OBJC_ISA_USAGE = YES_ERROR;
				CLANG_WARN_DOCUMENTATION_COMMENTS = YES;
				CLANG_WARN_EMPTY_BODY = YES;
				CLANG_WARN_ENUM_CONVERSION = YES;
				CLANG_WARN_INFINITE_RECURSION = YES;
				CLANG_WARN_INT_CONVERSION = YES;
				CLANG_WARN_NON_LITERAL_NULL_CONVERSION = YES;
				CLANG_WARN_OBJC_IMPLICIT_RETAIN_SELF = YES;
				CLANG_WARN_OBJC_LITERAL_CONVERSION = YES;
				CLANG_WARN_OBJC_ROOT_CLASS = YES_ERROR;
				CLANG_WARN_QUOTED_INCLUDE_IN_FRAMEWORK_HEADER = YES;
				CLANG_WARN_RANGE_LOOP_ANALYSIS = YES;
				CLANG_WARN_STRICT_PROTOTYPES = YES;
				CLANG_WARN_SUSPICIOUS_MOVE = YES;
				CLANG_WARN_UNGUARDED_AVAILABILITY = YES_AGGRESSIVE;
				CLANG_WARN_UNREACHABLE_CODE = YES;
				CLANG_WARN__DUPLICATE_METHOD_MATCH = YES;
				COPY_PHASE_STRIP = NO;
				DEBUG_INFORMATION_FORMAT = dwarf;
				ENABLE_STRICT_OBJC_MSGSEND = YES;
				ENABLE_TESTABILITY = YES;
				GCC_C_LANGUAGE_STANDARD = gnu11;
				GCC_DYNAMIC_NO_PIC = NO;
				GCC_NO_COMMON_BLOCKS = YES;
				GCC_OPTIMIZATION_LEVEL = 0;
				GCC_PREPROCESSOR_DEFINITIONS = (
					"DEBUG=1",
					"$(inherited)",
				);
				GCC_WARN_64_TO_32_BIT_CONVERSION = YES;
				GCC_WARN_ABOUT_RETURN_TYPE = YES_ERROR;
				GCC_WARN_UNDECLARED_SELECTOR = YES;
				GCC_WARN_UNINITIALIZED_AUTOS = YES_AGGRESSIVE;
				GCC_WARN_UNUSED_FUNCTION = YES;
				GCC_WARN_UNUSED_VARIABLE = YES;
				IPHONEOS_DEPLOYMENT_TARGET = 14.5;
				MTL_ENABLE_DEBUG_INFO = INCLUDE_SOURCE;
				MTL_FAST_MATH = YES;
				ONLY_ACTIVE_ARCH = YES;
				SDKROOT = iphoneos;
				SWIFT_ACTIVE_COMPILATION_CONDITIONS = DEBUG;
				SWIFT_OPTIMIZATION_LEVEL = "-Onone";
			};
			name = Debug;
		};
		D9A1487426B236090064E17A /* Release */ = {
			isa = XCBuildConfiguration;
			buildSettings = {
				ALWAYS_SEARCH_USER_PATHS = NO;
				CLANG_ANALYZER_NONNULL = YES;
				CLANG_ANALYZER_NUMBER_OBJECT_CONVERSION = YES_AGGRESSIVE;
				CLANG_CXX_LANGUAGE_STANDARD = "gnu++14";
				CLANG_CXX_LIBRARY = "libc++";
				CLANG_ENABLE_MODULES = YES;
				CLANG_ENABLE_OBJC_ARC = YES;
				CLANG_ENABLE_OBJC_WEAK = YES;
				CLANG_WARN_BLOCK_CAPTURE_AUTORELEASING = YES;
				CLANG_WARN_BOOL_CONVERSION = YES;
				CLANG_WARN_COMMA = YES;
				CLANG_WARN_CONSTANT_CONVERSION = YES;
				CLANG_WARN_DEPRECATED_OBJC_IMPLEMENTATIONS = YES;
				CLANG_WARN_DIRECT_OBJC_ISA_USAGE = YES_ERROR;
				CLANG_WARN_DOCUMENTATION_COMMENTS = YES;
				CLANG_WARN_EMPTY_BODY = YES;
				CLANG_WARN_ENUM_CONVERSION = YES;
				CLANG_WARN_INFINITE_RECURSION = YES;
				CLANG_WARN_INT_CONVERSION = YES;
				CLANG_WARN_NON_LITERAL_NULL_CONVERSION = YES;
				CLANG_WARN_OBJC_IMPLICIT_RETAIN_SELF = YES;
				CLANG_WARN_OBJC_LITERAL_CONVERSION = YES;
				CLANG_WARN_OBJC_ROOT_CLASS = YES_ERROR;
				CLANG_WARN_QUOTED_INCLUDE_IN_FRAMEWORK_HEADER = YES;
				CLANG_WARN_RANGE_LOOP_ANALYSIS = YES;
				CLANG_WARN_STRICT_PROTOTYPES = YES;
				CLANG_WARN_SUSPICIOUS_MOVE = YES;
				CLANG_WARN_UNGUARDED_AVAILABILITY = YES_AGGRESSIVE;
				CLANG_WARN_UNREACHABLE_CODE = YES;
				CLANG_WARN__DUPLICATE_METHOD_MATCH = YES;
				COPY_PHASE_STRIP = NO;
				DEBUG_INFORMATION_FORMAT = "dwarf-with-dsym";
				ENABLE_NS_ASSERTIONS = NO;
				ENABLE_STRICT_OBJC_MSGSEND = YES;
				GCC_C_LANGUAGE_STANDARD = gnu11;
				GCC_NO_COMMON_BLOCKS = YES;
				GCC_WARN_64_TO_32_BIT_CONVERSION = YES;
				GCC_WARN_ABOUT_RETURN_TYPE = YES_ERROR;
				GCC_WARN_UNDECLARED_SELECTOR = YES;
				GCC_WARN_UNINITIALIZED_AUTOS = YES_AGGRESSIVE;
				GCC_WARN_UNUSED_FUNCTION = YES;
				GCC_WARN_UNUSED_VARIABLE = YES;
				IPHONEOS_DEPLOYMENT_TARGET = 14.5;
				MTL_ENABLE_DEBUG_INFO = NO;
				MTL_FAST_MATH = YES;
				SDKROOT = iphoneos;
				SWIFT_COMPILATION_MODE = wholemodule;
				SWIFT_OPTIMIZATION_LEVEL = "-O";
				VALIDATE_PRODUCT = YES;
			};
			name = Release;
		};
		D9A1487626B236090064E17A /* Debug */ = {
			isa = XCBuildConfiguration;
			buildSettings = {
				ASSETCATALOG_COMPILER_APPICON_NAME = AppIcon;
				ASSETCATALOG_COMPILER_GLOBAL_ACCENT_COLOR_NAME = AccentColor;
				CODE_SIGN_STYLE = Automatic;
				INFOPLIST_FILE = "Virtual Tourist/Info.plist";
				LD_RUNPATH_SEARCH_PATHS = (
					"$(inherited)",
					"@executable_path/Frameworks",
				);
				PRODUCT_BUNDLE_IDENTIFIER = "com.muteb.Virtual-Tourist";
				PRODUCT_NAME = "$(TARGET_NAME)";
				SWIFT_VERSION = 5.0;
				TARGETED_DEVICE_FAMILY = "1,2";
			};
			name = Debug;
		};
		D9A1487726B236090064E17A /* Release */ = {
			isa = XCBuildConfiguration;
			buildSettings = {
				ASSETCATALOG_COMPILER_APPICON_NAME = AppIcon;
				ASSETCATALOG_COMPILER_GLOBAL_ACCENT_COLOR_NAME = AccentColor;
				CODE_SIGN_STYLE = Automatic;
				INFOPLIST_FILE = "Virtual Tourist/Info.plist";
				LD_RUNPATH_SEARCH_PATHS = (
					"$(inherited)",
					"@executable_path/Frameworks",
				);
				PRODUCT_BUNDLE_IDENTIFIER = "com.muteb.Virtual-Tourist";
				PRODUCT_NAME = "$(TARGET_NAME)";
				SWIFT_VERSION = 5.0;
				TARGETED_DEVICE_FAMILY = "1,2";
			};
			name = Release;
		};
/* End XCBuildConfiguration section */

/* Begin XCConfigurationList section */
		D9A1485C26B236080064E17A /* Build configuration list for PBXProject "Virtual Tourist" */ = {
			isa = XCConfigurationList;
			buildConfigurations = (
				D9A1487326B236090064E17A /* Debug */,
				D9A1487426B236090064E17A /* Release */,
			);
			defaultConfigurationIsVisible = 0;
			defaultConfigurationName = Release;
		};
		D9A1487526B236090064E17A /* Build configuration list for PBXNativeTarget "Virtual Tourist" */ = {
			isa = XCConfigurationList;
			buildConfigurations = (
				D9A1487626B236090064E17A /* Debug */,
				D9A1487726B236090064E17A /* Release */,
			);
			defaultConfigurationIsVisible = 0;
			defaultConfigurationName = Release;
		};
/* End XCConfigurationList section */

/* Begin XCVersionGroup section */
		D9D9556D26BB718B00E0526F /* Location.xcdatamodeld */ = {
			isa = XCVersionGroup;
			children = (
				D9D9556E26BB718B00E0526F /* Location.xcdatamodel */,
			);
			currentVersion = D9D9556E26BB718B00E0526F /* Location.xcdatamodel */;
			path = Location.xcdatamodeld;
			sourceTree = "<group>";
			versionGroupType = wrapper.xcdatamodel;
		};
/* End XCVersionGroup section */
	};
	rootObject = D9A1485926B236080064E17A /* Project object */;
}
